// !$*UTF8*$!
{
	archiveVersion = 1;
	classes = {
	};
	objectVersion = 55;
	objects = {

/* Begin PBXBuildFile section */
		FA305C17291192DD00D5FA7F /* ContactList_SwiftUIApp.swift in Sources */ = {isa = PBXBuildFile; fileRef = FA305C16291192DD00D5FA7F /* ContactList_SwiftUIApp.swift */; };
		FA305C1B291192E100D5FA7F /* Assets.xcassets in Resources */ = {isa = PBXBuildFile; fileRef = FA305C1A291192E100D5FA7F /* Assets.xcassets */; };
		FA305C1E291192E100D5FA7F /* Preview Assets.xcassets in Resources */ = {isa = PBXBuildFile; fileRef = FA305C1D291192E100D5FA7F /* Preview Assets.xcassets */; };
		FA305C2B2911958B00D5FA7F /* DataManager.swift in Sources */ = {isa = PBXBuildFile; fileRef = FA305C2A2911958B00D5FA7F /* DataManager.swift */; };
		FA305C2D291197AB00D5FA7F /* Person.swift in Sources */ = {isa = PBXBuildFile; fileRef = FA305C2C291197AB00D5FA7F /* Person.swift */; };
		FA305C35291285FA00D5FA7F /* ContactList.swift in Sources */ = {isa = PBXBuildFile; fileRef = FA305C34291285FA00D5FA7F /* ContactList.swift */; };
		FA305C372912872900D5FA7F /* HomeScreen.swift in Sources */ = {isa = PBXBuildFile; fileRef = FA305C362912872900D5FA7F /* HomeScreen.swift */; };
		FA305C39291287BC00D5FA7F /* PersonsData.swift in Sources */ = {isa = PBXBuildFile; fileRef = FA305C38291287BC00D5FA7F /* PersonsData.swift */; };
		FA305C3B2912898700D5FA7F /* PersonalContact.swift in Sources */ = {isa = PBXBuildFile; fileRef = FA305C3A2912898700D5FA7F /* PersonalContact.swift */; };
/* End PBXBuildFile section */

/* Begin PBXFileReference section */
		FA305C13291192DD00D5FA7F /* ContactList_SwiftUI.app */ = {isa = PBXFileReference; explicitFileType = wrapper.application; includeInIndex = 0; path = ContactList_SwiftUI.app; sourceTree = BUILT_PRODUCTS_DIR; };
		FA305C16291192DD00D5FA7F /* ContactList_SwiftUIApp.swift */ = {isa = PBXFileReference; lastKnownFileType = sourcecode.swift; path = ContactList_SwiftUIApp.swift; sourceTree = "<group>"; };
		FA305C1A291192E100D5FA7F /* Assets.xcassets */ = {isa = PBXFileReference; lastKnownFileType = folder.assetcatalog; path = Assets.xcassets; sourceTree = "<group>"; };
		FA305C1D291192E100D5FA7F /* Preview Assets.xcassets */ = {isa = PBXFileReference; lastKnownFileType = folder.assetcatalog; path = "Preview Assets.xcassets"; sourceTree = "<group>"; };
		FA305C2A2911958B00D5FA7F /* DataManager.swift */ = {isa = PBXFileReference; lastKnownFileType = sourcecode.swift; path = DataManager.swift; sourceTree = "<group>"; };
		FA305C2C291197AB00D5FA7F /* Person.swift */ = {isa = PBXFileReference; lastKnownFileType = sourcecode.swift; path = Person.swift; sourceTree = "<group>"; };
		FA305C34291285FA00D5FA7F /* ContactList.swift */ = {isa = PBXFileReference; lastKnownFileType = sourcecode.swift; path = ContactList.swift; sourceTree = "<group>"; };
		FA305C362912872900D5FA7F /* HomeScreen.swift */ = {isa = PBXFileReference; lastKnownFileType = sourcecode.swift; path = HomeScreen.swift; sourceTree = "<group>"; };
		FA305C38291287BC00D5FA7F /* PersonsData.swift */ = {isa = PBXFileReference; lastKnownFileType = sourcecode.swift; path = PersonsData.swift; sourceTree = "<group>"; };
		FA305C3A2912898700D5FA7F /* PersonalContact.swift */ = {isa = PBXFileReference; lastKnownFileType = sourcecode.swift; path = PersonalContact.swift; sourceTree = "<group>"; };
/* End PBXFileReference section */

/* Begin PBXFrameworksBuildPhase section */
		FA305C10291192DD00D5FA7F /* Frameworks */ = {
			isa = PBXFrameworksBuildPhase;
			buildActionMask = 2147483647;
			files = (
			);
			runOnlyForDeploymentPostprocessing = 0;
		};
/* End PBXFrameworksBuildPhase section */

/* Begin PBXGroup section */
		FA305C0A291192DD00D5FA7F = {
			isa = PBXGroup;
			children = (
				FA305C15291192DD00D5FA7F /* ContactList_SwiftUI */,
				FA305C14291192DD00D5FA7F /* Products */,
			);
			sourceTree = "<group>";
		};
		FA305C14291192DD00D5FA7F /* Products */ = {
			isa = PBXGroup;
			children = (
				FA305C13291192DD00D5FA7F /* ContactList_SwiftUI.app */,
			);
			name = Products;
			sourceTree = "<group>";
		};
		FA305C15291192DD00D5FA7F /* ContactList_SwiftUI */ = {
			isa = PBXGroup;
			children = (
				FA305C16291192DD00D5FA7F /* ContactList_SwiftUIApp.swift */,
				FA305C242911949B00D5FA7F /* Models */,
				FA305C252911950900D5FA7F /* DataManager */,
				FA305C34291285FA00D5FA7F /* ContactList.swift */,
				FA305C3A2912898700D5FA7F /* PersonalContact.swift */,
				FA305C362912872900D5FA7F /* HomeScreen.swift */,
				FA305C38291287BC00D5FA7F /* PersonsData.swift */,
				FA305C1A291192E100D5FA7F /* Assets.xcassets */,
				FA305C1C291192E100D5FA7F /* Preview Content */,
			);
			path = ContactList_SwiftUI;
			sourceTree = "<group>";
		};
		FA305C1C291192E100D5FA7F /* Preview Content */ = {
			isa = PBXGroup;
			children = (
				FA305C1D291192E100D5FA7F /* Preview Assets.xcassets */,
			);
			path = "Preview Content";
			sourceTree = "<group>";
		};
		FA305C242911949B00D5FA7F /* Models */ = {
			isa = PBXGroup;
			children = (
				FA305C2C291197AB00D5FA7F /* Person.swift */,
			);
			path = Models;
			sourceTree = "<group>";
		};
		FA305C252911950900D5FA7F /* DataManager */ = {
			isa = PBXGroup;
			children = (
				FA305C2A2911958B00D5FA7F /* DataManager.swift */,
			);
			path = DataManager;
			sourceTree = "<group>";
		};
/* End PBXGroup section */

/* Begin PBXNativeTarget section */
		FA305C12291192DD00D5FA7F /* ContactList_SwiftUI */ = {
			isa = PBXNativeTarget;
			buildConfigurationList = FA305C21291192E100D5FA7F /* Build configuration list for PBXNativeTarget "ContactList_SwiftUI" */;
			buildPhases = (
				FA305C0F291192DD00D5FA7F /* Sources */,
				FA305C10291192DD00D5FA7F /* Frameworks */,
				FA305C11291192DD00D5FA7F /* Resources */,
			);
			buildRules = (
			);
			dependencies = (
			);
			name = ContactList_SwiftUI;
			productName = ContactList_SwiftUI;
			productReference = FA305C13291192DD00D5FA7F /* ContactList_SwiftUI.app */;
			productType = "com.apple.product-type.application";
		};
/* End PBXNativeTarget section */

/* Begin PBXProject section */
		FA305C0B291192DD00D5FA7F /* Project object */ = {
			isa = PBXProject;
			attributes = {
				BuildIndependentTargetsInParallel = 1;
				LastSwiftUpdateCheck = 1320;
				LastUpgradeCheck = 1320;
				TargetAttributes = {
					FA305C12291192DD00D5FA7F = {
						CreatedOnToolsVersion = 13.2.1;
					};
				};
			};
			buildConfigurationList = FA305C0E291192DD00D5FA7F /* Build configuration list for PBXProject "ContactList_SwiftUI" */;
			compatibilityVersion = "Xcode 13.0";
			developmentRegion = en;
			hasScannedForEncodings = 0;
			knownRegions = (
				en,
				Base,
			);
			mainGroup = FA305C0A291192DD00D5FA7F;
			productRefGroup = FA305C14291192DD00D5FA7F /* Products */;
			projectDirPath = "";
			projectRoot = "";
			targets = (
				FA305C12291192DD00D5FA7F /* ContactList_SwiftUI */,
			);
		};
/* End PBXProject section */

/* Begin PBXResourcesBuildPhase section */
		FA305C11291192DD00D5FA7F /* Resources */ = {
			isa = PBXResourcesBuildPhase;
			buildActionMask = 2147483647;
			files = (
				FA305C1E291192E100D5FA7F /* Preview Assets.xcassets in Resources */,
				FA305C1B291192E100D5FA7F /* Assets.xcassets in Resources */,
			);
			runOnlyForDeploymentPostprocessing = 0;
		};
/* End PBXResourcesBuildPhase section */

/* Begin PBXSourcesBuildPhase section */
		FA305C0F291192DD00D5FA7F /* Sources */ = {
			isa = PBXSourcesBuildPhase;
			buildActionMask = 2147483647;
			files = (
				FA305C35291285FA00D5FA7F /* ContactList.swift in Sources */,
				FA305C2B2911958B00D5FA7F /* DataManager.swift in Sources */,
				FA305C39291287BC00D5FA7F /* PersonsData.swift in Sources */,
				FA305C3B2912898700D5FA7F /* PersonalContact.swift in Sources */,
				FA305C372912872900D5FA7F /* HomeScreen.swift in Sources */,
				FA305C2D291197AB00D5FA7F /* Person.swift in Sources */,
				FA305C17291192DD00D5FA7F /* ContactList_SwiftUIApp.swift in Sources */,
			);
			runOnlyForDeploymentPostprocessing = 0;
		};
/* End PBXSourcesBuildPhase section */

/* Begin XCBuildConfiguration section */
		FA305C1F291192E100D5FA7F /* Debug */ = {
			isa = XCBuildConfiguration;
			buildSettings = {
				ALWAYS_SEARCH_USER_PATHS = NO;
				CLANG_ANALYZER_NONNULL = YES;
				CLANG_ANALYZER_NUMBER_OBJECT_CONVERSION = YES_AGGRESSIVE;
				CLANG_CXX_LANGUAGE_STANDARD = "gnu++17";
				CLANG_CXX_LIBRARY = "libc++";
				CLANG_ENABLE_MODULES = YES;
				CLANG_ENABLE_OBJC_ARC = YES;
				CLANG_ENABLE_OBJC_WEAK = YES;
				CLANG_WARN_BLOCK_CAPTURE_AUTORELEASING = YES;
				CLANG_WARN_BOOL_CONVERSION = YES;
				CLANG_WARN_COMMA = YES;
				CLANG_WARN_CONSTANT_CONVERSION = YES;
				CLANG_WARN_DEPRECATED_OBJC_IMPLEMENTATIONS = YES;
				CLANG_WARN_DIRECT_OBJC_ISA_USAGE = YES_ERROR;
				CLANG_WARN_DOCUMENTATION_COMMENTS = YES;
				CLANG_WARN_EMPTY_BODY = YES;
				CLANG_WARN_ENUM_CONVERSION = YES;
				CLANG_WARN_INFINITE_RECURSION = YES;
				CLANG_WARN_INT_CONVERSION = YES;
				CLANG_WARN_NON_LITERAL_NULL_CONVERSION = YES;
				CLANG_WARN_OBJC_IMPLICIT_RETAIN_SELF = YES;
				CLANG_WARN_OBJC_LITERAL_CONVERSION = YES;
				CLANG_WARN_OBJC_ROOT_CLASS = YES_ERROR;
				CLANG_WARN_QUOTED_INCLUDE_IN_FRAMEWORK_HEADER = YES;
				CLANG_WARN_RANGE_LOOP_ANALYSIS = YES;
				CLANG_WARN_STRICT_PROTOTYPES = YES;
				CLANG_WARN_SUSPICIOUS_MOVE = YES;
				CLANG_WARN_UNGUARDED_AVAILABILITY = YES_AGGRESSIVE;
				CLANG_WARN_UNREACHABLE_CODE = YES;
				CLANG_WARN__DUPLICATE_METHOD_MATCH = YES;
				COPY_PHASE_STRIP = NO;
				DEBUG_INFORMATION_FORMAT = dwarf;
				ENABLE_STRICT_OBJC_MSGSEND = YES;
				ENABLE_TESTABILITY = YES;
				GCC_C_LANGUAGE_STANDARD = gnu11;
				GCC_DYNAMIC_NO_PIC = NO;
				GCC_NO_COMMON_BLOCKS = YES;
				GCC_OPTIMIZATION_LEVEL = 0;
				GCC_PREPROCESSOR_DEFINITIONS = (
					"DEBUG=1",
					"$(inherited)",
				);
				GCC_WARN_64_TO_32_BIT_CONVERSION = YES;
				GCC_WARN_ABOUT_RETURN_TYPE = YES_ERROR;
				GCC_WARN_UNDECLARED_SELECTOR = YES;
				GCC_WARN_UNINITIALIZED_AUTOS = YES_AGGRESSIVE;
				GCC_WARN_UNUSED_FUNCTION = YES;
				GCC_WARN_UNUSED_VARIABLE = YES;
				IPHONEOS_DEPLOYMENT_TARGET = 15.2;
				MTL_ENABLE_DEBUG_INFO = INCLUDE_SOURCE;
				MTL_FAST_MATH = YES;
				ONLY_ACTIVE_ARCH = YES;
				SDKROOT = iphoneos;
				SWIFT_ACTIVE_COMPILATION_CONDITIONS = DEBUG;
				SWIFT_OPTIMIZATION_LEVEL = "-Onone";
			};
			name = Debug;
		};
		FA305C20291192E100D5FA7F /* Release */ = {
			isa = XCBuildConfiguration;
			buildSettings = {
				ALWAYS_SEARCH_USER_PATHS = NO;
				CLANG_ANALYZER_NONNULL = YES;
				CLANG_ANALYZER_NUMBER_OBJECT_CONVERSION = YES_AGGRESSIVE;
				CLANG_CXX_LANGUAGE_STANDARD = "gnu++17";
				CLANG_CXX_LIBRARY = "libc++";
				CLANG_ENABLE_MODULES = YES;
				CLANG_ENABLE_OBJC_ARC = YES;
				CLANG_ENABLE_OBJC_WEAK = YES;
				CLANG_WARN_BLOCK_CAPTURE_AUTORELEASING = YES;
				CLANG_WARN_BOOL_CONVERSION = YES;
				CLANG_WARN_COMMA = YES;
				CLANG_WARN_CONSTANT_CONVERSION = YES;
				CLANG_WARN_DEPRECATED_OBJC_IMPLEMENTATIONS = YES;
				CLANG_WARN_DIRECT_OBJC_ISA_USAGE = YES_ERROR;
				CLANG_WARN_DOCUMENTATION_COMMENTS = YES;
				CLANG_WARN_EMPTY_BODY = YES;
				CLANG_WARN_ENUM_CONVERSION = YES;
				CLANG_WARN_INFINITE_RECURSION = YES;
				CLANG_WARN_INT_CONVERSION = YES;
				CLANG_WARN_NON_LITERAL_NULL_CONVERSION = YES;
				CLANG_WARN_OBJC_IMPLICIT_RETAIN_SELF = YES;
				CLANG_WARN_OBJC_LITERAL_CONVERSION = YES;
				CLANG_WARN_OBJC_ROOT_CLASS = YES_ERROR;
				CLANG_WARN_QUOTED_INCLUDE_IN_FRAMEWORK_HEADER = YES;
				CLANG_WARN_RANGE_LOOP_ANALYSIS = YES;
				CLANG_WARN_STRICT_PROTOTYPES = YES;
				CLANG_WARN_SUSPICIOUS_MOVE = YES;
				CLANG_WARN_UNGUARDED_AVAILABILITY = YES_AGGRESSIVE;
				CLANG_WARN_UNREACHABLE_CODE = YES;
				CLANG_WARN__DUPLICATE_METHOD_MATCH = YES;
				COPY_PHASE_STRIP = NO;
				DEBUG_INFORMATION_FORMAT = "dwarf-with-dsym";
				ENABLE_NS_ASSERTIONS = NO;
				ENABLE_STRICT_OBJC_MSGSEND = YES;
				GCC_C_LANGUAGE_STANDARD = gnu11;
				GCC_NO_COMMON_BLOCKS = YES;
				GCC_WARN_64_TO_32_BIT_CONVERSION = YES;
				GCC_WARN_ABOUT_RETURN_TYPE = YES_ERROR;
				GCC_WARN_UNDECLARED_SELECTOR = YES;
				GCC_WARN_UNINITIALIZED_AUTOS = YES_AGGRESSIVE;
				GCC_WARN_UNUSED_FUNCTION = YES;
				GCC_WARN_UNUSED_VARIABLE = YES;
				IPHONEOS_DEPLOYMENT_TARGET = 15.2;
				MTL_ENABLE_DEBUG_INFO = NO;
				MTL_FAST_MATH = YES;
				SDKROOT = iphoneos;
				SWIFT_COMPILATION_MODE = wholemodule;
				SWIFT_OPTIMIZATION_LEVEL = "-O";
				VALIDATE_PRODUCT = YES;
			};
			name = Release;
		};
		FA305C22291192E100D5FA7F /* Debug */ = {
			isa = XCBuildConfiguration;
			buildSettings = {
				ASSETCATALOG_COMPILER_APPICON_NAME = AppIcon;
				ASSETCATALOG_COMPILER_GLOBAL_ACCENT_COLOR_NAME = AccentColor;
				CODE_SIGN_STYLE = Automatic;
				CURRENT_PROJECT_VERSION = 1;
				DEVELOPMENT_ASSET_PATHS = "\"ContactList_SwiftUI/Preview Content\"";
				DEVELOPMENT_TEAM = 4URKV6V579;
				ENABLE_PREVIEWS = YES;
				GENERATE_INFOPLIST_FILE = YES;
				INFOPLIST_KEY_UIApplicationSceneManifest_Generation = YES;
				INFOPLIST_KEY_UIApplicationSupportsIndirectInputEvents = YES;
				INFOPLIST_KEY_UILaunchScreen_Generation = YES;
				INFOPLIST_KEY_UISupportedInterfaceOrientations_iPad = "UIInterfaceOrientationPortrait UIInterfaceOrientationPortraitUpsideDown UIInterfaceOrientationLandscapeLeft UIInterfaceOrientationLandscapeRight";
				INFOPLIST_KEY_UISupportedInterfaceOrientations_iPhone = "UIInterfaceOrientationPortrait UIInterfaceOrientationLandscapeLeft UIInterfaceOrientationLandscapeRight";
				LD_RUNPATH_SEARCH_PATHS = (
					"$(inherited)",
					"@executable_path/Frameworks",
				);
				MARKETING_VERSION = 1.0;
				PRODUCT_BUNDLE_IDENTIFIER = "LazarevPavel.ContactList-SwiftUI";
				PRODUCT_NAME = "$(TARGET_NAME)";
				SWIFT_EMIT_LOC_STRINGS = YES;
				SWIFT_VERSION = 5.0;
				TARGETED_DEVICE_FAMILY = "1,2";
			};
			name = Debug;
		};
		FA305C23291192E100D5FA7F /* Release */ = {
			isa = XCBuildConfiguration;
			buildSettings = {
				ASSETCATALOG_COMPILER_APPICON_NAME = AppIcon;
				ASSETCATALOG_COMPILER_GLOBAL_ACCENT_COLOR_NAME = AccentColor;
				CODE_SIGN_STYLE = Automatic;
				CURRENT_PROJECT_VERSION = 1;
				DEVELOPMENT_ASSET_PATHS = "\"ContactList_SwiftUI/Preview Content\"";
				DEVELOPMENT_TEAM = 4URKV6V579;
				ENABLE_PREVIEWS = YES;
				GENERATE_INFOPLIST_FILE = YES;
				INFOPLIST_KEY_UIApplicationSceneManifest_Generation = YES;
				INFOPLIST_KEY_UIApplicationSupportsIndirectInputEvents = YES;
				INFOPLIST_KEY_UILaunchScreen_Generation = YES;
				INFOPLIST_KEY_UISupportedInterfaceOrientations_iPad = "UIInterfaceOrientationPortrait UIInterfaceOrientationPortraitUpsideDown UIInterfaceOrientationLandscapeLeft UIInterfaceOrientationLandscapeRight";
				INFOPLIST_KEY_UISupportedInterfaceOrientations_iPhone = "UIInterfaceOrientationPortrait UIInterfaceOrientationLandscapeLeft UIInterfaceOrientationLandscapeRight";
				LD_RUNPATH_SEARCH_PATHS = (
					"$(inherited)",
					"@executable_path/Frameworks",
				);
				MARKETING_VERSION = 1.0;
				PRODUCT_BUNDLE_IDENTIFIER = "LazarevPavel.ContactList-SwiftUI";
				PRODUCT_NAME = "$(TARGET_NAME)";
				SWIFT_EMIT_LOC_STRINGS = YES;
				SWIFT_VERSION = 5.0;
				TARGETED_DEVICE_FAMILY = "1,2";
			};
			name = Release;
		};
/* End XCBuildConfiguration section */

/* Begin XCConfigurationList section */
		FA305C0E291192DD00D5FA7F /* Build configuration list for PBXProject "ContactList_SwiftUI" */ = {
			isa = XCConfigurationList;
			buildConfigurations = (
				FA305C1F291192E100D5FA7F /* Debug */,
				FA305C20291192E100D5FA7F /* Release */,
			);
			defaultConfigurationIsVisible = 0;
			defaultConfigurationName = Release;
		};
		FA305C21291192E100D5FA7F /* Build configuration list for PBXNativeTarget "ContactList_SwiftUI" */ = {
			isa = XCConfigurationList;
			buildConfigurations = (
				FA305C22291192E100D5FA7F /* Debug */,
				FA305C23291192E100D5FA7F /* Release */,
			);
			defaultConfigurationIsVisible = 0;
			defaultConfigurationName = Release;
		};
/* End XCConfigurationList section */
	};
	rootObject = FA305C0B291192DD00D5FA7F /* Project object */;
}
